{
  "nodes": {
    "autowrap": {
      "flake": false,
      "locked": {
        "lastModified": 1693016622,
        "narHash": "sha256-U6gp3X86FtxPrGcGAwHSZBAA528m/He/V0qvPtVhdxg=",
        "owner": "rpav",
        "repo": "cl-autowrap",
        "rev": "1c5c0701eea9199a433175d2e7f498f5d0bc192e",
        "type": "github"
      },
      "original": {
        "owner": "rpav",
        "repo": "cl-autowrap",
        "type": "github"
      }
    },
    "cgl": {
      "flake": false,
      "locked": {
        "lastModified": 1574382997,
        "narHash": "sha256-p0VgyA7uRVHr/QeTdoQt0ORt0+f6VdPsTQe4BCitGFY=",
        "owner": "3b",
        "repo": "cl-opengl",
        "rev": "e2d83e0977b7e7ac3f3d348d8ccc7ccd04e74d59",
        "type": "github"
      },
      "original": {
        "owner": "3b",
        "repo": "cl-opengl",
        "type": "github"
      }
    },
    "cl-nix-lite": {
      "locked": {
        "lastModified": 1709357207,
        "narHash": "sha256-YZgXj6oL2Y/zDkSkGcoacpQPRLiYM8KeEB68CUs2irc=",
        "owner": "hraban",
        "repo": "cl-nix-lite",
        "rev": "f55d263b30a601b1b4dd61b7c8787e97510f4018",
        "type": "github"
      },
      "original": {
        "owner": "hraban",
        "repo": "cl-nix-lite",
        "type": "github"
      }
    },
    "cl-nix-lite_2": {
      "locked": {
        "lastModified": 1709357207,
        "narHash": "sha256-YZgXj6oL2Y/zDkSkGcoacpQPRLiYM8KeEB68CUs2irc=",
        "owner": "hraban",
        "repo": "cl-nix-lite",
        "rev": "f55d263b30a601b1b4dd61b7c8787e97510f4018",
        "type": "github"
      },
      "original": {
        "owner": "hraban",
        "repo": "cl-nix-lite",
        "type": "github"
      }
    },
    "cl-nix-lite_3": {
      "locked": {
        "lastModified": 1709357207,
        "narHash": "sha256-YZgXj6oL2Y/zDkSkGcoacpQPRLiYM8KeEB68CUs2irc=",
        "owner": "hraban",
        "repo": "cl-nix-lite",
        "rev": "f55d263b30a601b1b4dd61b7c8787e97510f4018",
        "type": "github"
      },
      "original": {
        "owner": "hraban",
        "repo": "cl-nix-lite",
        "type": "github"
      }
    },
    "cl-nix-lite_4": {
      "locked": {
        "lastModified": 1709357207,
        "narHash": "sha256-YZgXj6oL2Y/zDkSkGcoacpQPRLiYM8KeEB68CUs2irc=",
        "owner": "hraban",
        "repo": "cl-nix-lite",
        "rev": "f55d263b30a601b1b4dd61b7c8787e97510f4018",
        "type": "github"
      },
      "original": {
        "owner": "hraban",
        "repo": "cl-nix-lite",
        "type": "github"
      }
    },
    "clAutoWrap": {
      "inputs": {
        "autowrap": "autowrap",
        "cl-nix-lite": "cl-nix-lite_4",
        "defpackagePlus": "defpackagePlus",
        "flake-utils": "flake-utils_2",
        "nixpkgs": "nixpkgs_3"
      },
      "locked": {
        "lastModified": 1709349021,
        "narHash": "sha256-m3rtLCQALoe8aAPeEg2Na11U7XFdUaCuJiNRGx/Z3ZA=",
        "owner": "ChristopherSegale",
        "repo": "cl-autowrap-flake",
        "rev": "35511ff017a0448d0e88790736e17ea141f7db72",
        "type": "github"
      },
      "original": {
        "owner": "ChristopherSegale",
        "repo": "cl-autowrap-flake",
        "type": "github"
      }
    },
    "clOpengl": {
      "inputs": {
        "cgl": "cgl",
        "cl-nix-lite": "cl-nix-lite_2",
        "flake-utils": "flake-utils",
        "nixpkgs": "nixpkgs_2"
      },
      "locked": {
        "lastModified": 1709336139,
        "narHash": "sha256-rrjCI5jPeSpP+VAFfAMybGU70E0myl32PkrtuOhw3zY=",
        "owner": "ChristopherSegale",
        "repo": "cl-opengl-flake",
        "rev": "564e52a866071dc39400efd0b2500e792e870250",
        "type": "github"
      },
      "original": {
        "owner": "ChristopherSegale",
        "repo": "cl-opengl-flake",
        "type": "github"
      }
    },
    "clSDL2": {
      "inputs": {
        "cl-nix-lite": "cl-nix-lite_3",
        "clAutoWrap": "clAutoWrap",
        "common-lisp-sdl2": "common-lisp-sdl2",
        "flake-utils": "flake-utils_3",
        "nixpkgs": "nixpkgs_4",
        "t-chan": "t-chan"
      },
      "locked": {
        "lastModified": 1709350896,
        "narHash": "sha256-OrAwVBHS3np64YEpFz+Oe9yXBLEtDPUmwsK67s5ItUs=",
        "owner": "ChristopherSegale",
        "repo": "cl-sdl2-flake",
        "rev": "e34e3c626141817b161381ba8428a5c4d4a8b4c5",
        "type": "github"
      },
      "original": {
        "owner": "ChristopherSegale",
        "repo": "cl-sdl2-flake",
        "type": "github"
      }
    },
    "common-lisp-sdl2": {
      "flake": false,
      "locked": {
        "lastModified": 1691204358,
        "narHash": "sha256-4wP0r3bB1qKJ/R2eAlzXDYKdsE+V6rxcBSfYI9sVgNw=",
        "owner": "lispgames",
        "repo": "cl-sdl2",
        "rev": "485c8ab2d390e1f46e881d5d8cc7790c0f636a50",
        "type": "github"
      },
      "original": {
        "owner": "lispgames",
        "repo": "cl-sdl2",
        "type": "github"
      }
    },
    "defpackagePlus": {
      "flake": false,
      "locked": {
        "lastModified": 1515011538,
        "narHash": "sha256-uGXTNhDqigzNrEIUc0bDpV54RBTRUgNpNasPMtyW9FM=",
        "owner": "rpav",
        "repo": "defpackage-plus",
        "rev": "5492e27e0bdb7b75fa5177ea4388519dc7a75f11",
        "type": "github"
      },
      "original": {
        "owner": "rpav",
        "repo": "defpackage-plus",
        "type": "github"
      }
    },
    "flake-utils": {
      "inputs": {
        "systems": "systems"
      },
      "locked": {
        "lastModified": 1710146030,
        "narHash": "sha256-SZ5L6eA7HJ/nmkzGG7/ISclqe6oZdOZTNoesiInkXPQ=",
        "owner": "numtide",
        "repo": "flake-utils",
        "rev": "b1d9ab70662946ef0850d488da1c9019f3a9752a",
        "type": "github"
      },
      "original": {
        "owner": "numtide",
        "repo": "flake-utils",
        "type": "github"
      }
    },
    "flake-utils_2": {
      "inputs": {
        "systems": "systems_2"
      },
      "locked": {
        "lastModified": 1710146030,
        "narHash": "sha256-SZ5L6eA7HJ/nmkzGG7/ISclqe6oZdOZTNoesiInkXPQ=",
        "owner": "numtide",
        "repo": "flake-utils",
        "rev": "b1d9ab70662946ef0850d488da1c9019f3a9752a",
        "type": "github"
      },
      "original": {
        "owner": "numtide",
        "repo": "flake-utils",
        "type": "github"
      }
    },
    "flake-utils_3": {
      "inputs": {
        "systems": "systems_3"
      },
      "locked": {
        "lastModified": 1710146030,
        "narHash": "sha256-SZ5L6eA7HJ/nmkzGG7/ISclqe6oZdOZTNoesiInkXPQ=",
        "owner": "numtide",
        "repo": "flake-utils",
        "rev": "b1d9ab70662946ef0850d488da1c9019f3a9752a",
        "type": "github"
      },
      "original": {
        "owner": "numtide",
        "repo": "flake-utils",
        "type": "github"
      }
    },
    "flake-utils_4": {
      "inputs": {
        "systems": "systems_4"
      },
      "locked": {
        "lastModified": 1710146030,
        "narHash": "sha256-SZ5L6eA7HJ/nmkzGG7/ISclqe6oZdOZTNoesiInkXPQ=",
        "owner": "numtide",
        "repo": "flake-utils",
        "rev": "b1d9ab70662946ef0850d488da1c9019f3a9752a",
        "type": "github"
      },
      "original": {
        "owner": "numtide",
        "repo": "flake-utils",
        "type": "github"
      }
    },
    "home-manager": {
      "inputs": {
        "nixpkgs": [
          "nixpkgs"
        ]
      },
      "locked": {
        "lastModified": 1710714957,
        "narHash": "sha256-eZCxuF58YWgaJMMRrn8oRkwRhxooe5kBS/s2wRVr9PA=",
        "owner": "nix-community",
        "repo": "home-manager",
        "rev": "7b3fca5adcf6c709874a8f2e0c364fe9c58db989",
        "type": "github"
      },
      "original": {
        "owner": "nix-community",
        "repo": "home-manager",
        "type": "github"
      }
    },
    "nixpkgs": {
      "locked": {
        "lastModified": 1710631334,
        "narHash": "sha256-rL5LSYd85kplL5othxK5lmAtjyMOBg390sGBTb3LRMM=",
        "owner": "NixOS",
        "repo": "nixpkgs",
        "rev": "c75037bbf9093a2acb617804ee46320d6d1fea5a",
        "type": "github"
      },
      "original": {
        "owner": "NixOS",
        "ref": "nixos-unstable",
        "repo": "nixpkgs",
        "type": "github"
      }
    },
    "nixpkgs_2": {
      "locked": {
        "lastModified": 1710631334,
        "narHash": "sha256-rL5LSYd85kplL5othxK5lmAtjyMOBg390sGBTb3LRMM=",
        "owner": "NixOS",
        "repo": "nixpkgs",
        "rev": "c75037bbf9093a2acb617804ee46320d6d1fea5a",
        "type": "github"
      },
      "original": {
        "owner": "NixOS",
        "ref": "nixos-unstable",
        "repo": "nixpkgs",
        "type": "github"
      }
    },
    "nixpkgs_3": {
      "locked": {
        "lastModified": 1710631334,
        "narHash": "sha256-rL5LSYd85kplL5othxK5lmAtjyMOBg390sGBTb3LRMM=",
        "owner": "NixOS",
        "repo": "nixpkgs",
        "rev": "c75037bbf9093a2acb617804ee46320d6d1fea5a",
        "type": "github"
      },
      "original": {
        "owner": "NixOS",
        "ref": "nixos-unstable",
        "repo": "nixpkgs",
        "type": "github"
      }
    },
    "nixpkgs_4": {
      "locked": {
        "lastModified": 1710631334,
        "narHash": "sha256-rL5LSYd85kplL5othxK5lmAtjyMOBg390sGBTb3LRMM=",
        "owner": "NixOS",
        "repo": "nixpkgs",
        "rev": "c75037bbf9093a2acb617804ee46320d6d1fea5a",
        "type": "github"
      },
      "original": {
        "owner": "NixOS",
        "ref": "nixos-unstable",
        "repo": "nixpkgs",
        "type": "github"
      }
    },
    "nixpkgs_5": {
      "locked": {
        "lastModified": 1710631334,
        "narHash": "sha256-rL5LSYd85kplL5othxK5lmAtjyMOBg390sGBTb3LRMM=",
        "owner": "NixOS",
        "repo": "nixpkgs",
        "rev": "c75037bbf9093a2acb617804ee46320d6d1fea5a",
        "type": "github"
      },
      "original": {
        "owner": "NixOS",
        "ref": "nixos-unstable",
        "repo": "nixpkgs",
        "type": "github"
      }
    },
    "root": {
      "inputs": {
        "home-manager": "home-manager",
        "nixpkgs": "nixpkgs",
        "snake": "snake"
      }
    },
    "snake": {
      "inputs": {
        "cl-nix-lite": "cl-nix-lite",
        "clOpengl": "clOpengl",
        "clSDL2": "clSDL2",
        "flake-utils": "flake-utils_4",
        "nixpkgs": "nixpkgs_5"
      },
      "locked": {
        "lastModified": 1709539211,
        "narHash": "sha256-991tmHzeAoMoih7d33tp10YgbicAEykzSutXf+5RX2Q=",
        "owner": "ChristopherSegale",
        "repo": "cl-snake",
        "rev": "3f97399015beff81b761dfb0c5b111ce873bdf9d",
        "type": "github"
      },
      "original": {
        "owner": "ChristopherSegale",
        "repo": "cl-snake",
        "type": "github"
      }
    },
    "systems": {
      "locked": {
        "lastModified": 1681028828,
        "narHash": "sha256-Vy1rq5AaRuLzOxct8nz4T6wlgyUR7zLU309k9mBC768=",
        "owner": "nix-systems",
        "repo": "default",
        "rev": "da67096a3b9bf56a91d16901293e51ba5b49a27e",
        "type": "github"
      },
      "original": {
        "owner": "nix-systems",
        "repo": "default",
        "type": "github"
      }
    },
    "systems_2": {
      "locked": {
        "lastModified": 1681028828,
        "narHash": "sha256-Vy1rq5AaRuLzOxct8nz4T6wlgyUR7zLU309k9mBC768=",
        "owner": "nix-systems",
        "repo": "default",
        "rev": "da67096a3b9bf56a91d16901293e51ba5b49a27e",
        "type": "github"
      },
      "original": {
        "owner": "nix-systems",
        "repo": "default",
        "type": "github"
      }
    },
    "systems_3": {
      "locked": {
        "lastModified": 1681028828,
        "narHash": "sha256-Vy1rq5AaRuLzOxct8nz4T6wlgyUR7zLU309k9mBC768=",
        "owner": "nix-systems",
        "repo": "default",
        "rev": "da67096a3b9bf56a91d16901293e51ba5b49a27e",
        "type": "github"
      },
      "original": {
        "owner": "nix-systems",
        "repo": "default",
        "type": "github"
      }
    },
    "systems_4": {
      "locked": {
        "lastModified": 1681028828,
        "narHash": "sha256-Vy1rq5AaRuLzOxct8nz4T6wlgyUR7zLU309k9mBC768=",
        "owner": "nix-systems",
        "repo": "default",
        "rev": "da67096a3b9bf56a91d16901293e51ba5b49a27e",
        "type": "github"
      },
      "original": {
        "owner": "nix-systems",
        "repo": "default",
        "type": "github"
      }
    },
    "t-chan": {
      "flake": false,
      "locked": {
        "lastModified": 1459351493,
        "narHash": "sha256-Uhp9HfNV5LPLJQyp3jJuWvGiws4qfdsfuKgDMh/rlhM=",
        "owner": "rpav",
        "repo": "trivial-channels",
        "rev": "e2370118d8983ba69c0360a7695f8f2e2fd6a8a6",
        "type": "github"
      },
      "original": {
        "owner": "rpav",
        "repo": "trivial-channels",
        "type": "github"
      }
    }
  },
  "root": "root",
  "version": 7
}
